
Microsoft Visual Studio Solution File, Format Version 12.00
# Visual Studio Version 17
VisualStudioVersion = 17.4.33403.182
MinimumVisualStudioVersion = 10.0.40219.1
Project("{FAE04EC0-301F-11D3-BF4B-00C04F79EFBC}") = "CarritoCompras", "CarritoCompras\CarritoCompras.csproj", "{296992C5-417E-4247-BAC0-D237A254A1CE}"
EndProject
Global
	GlobalSection(SolutionConfigurationPlatforms) = preSolution
		Debug|Any CPU = Debug|Any CPU
		Release|Any CPU = Release|Any CPU
	EndGlobalSection
	GlobalSection(ProjectConfigurationPlatforms) = postSolution
		{296992C5-417E-4247-BAC0-D237A254A1CE}.Debug|Any CPU.ActiveCfg = Debug|Any CPU
		{296992C5-417E-4247-BAC0-D237A254A1CE}.Debug|Any CPU.Build.0 = Debug|Any CPU
		{296992C5-417E-4247-BAC0-D237A254A1CE}.Release|Any CPU.ActiveCfg = Release|Any CPU
		{296992C5-417E-4247-BAC0-D237A254A1CE}.Release|Any CPU.Build.0 = Release|Any CPU
	EndGlobalSection
	GlobalSection(SolutionProperties) = preSolution
		HideSolutionNode = FALSE
	EndGlobalSection
	GlobalSection(ExtensibilityGlobals) = postSolution
		SolutionGuid = {C2E59AF7-26DD-41B7-B32A-19A348F801FB}
	EndGlobalSection
EndGlobal
